
Microsoft Visual Studio Solution File, Format Version 12.00
# Visual Studio 15
VisualStudioVersion = 15.0.27428.2005
MinimumVisualStudioVersion = 10.0.40219.1
Project("{FAE04EC0-301F-11D3-BF4B-00C04F79EFBC}") = "ViewHound.Mvc5", "ViewHound.Mvc5\ViewHound.Mvc5.csproj", "{0936C4A7-F9FE-4261-BC7C-DC21663509B0}"
EndProject
Project("{FAE04EC0-301F-11D3-BF4B-00C04F79EFBC}") = "ViewHound.MvcCore", "ViewHound.MvcCore\ViewHound.MvcCore.csproj", "{03BBAC27-1028-4DF6-BDDC-E64049B025B2}"
EndProject
Project("{FAE04EC0-301F-11D3-BF4B-00C04F79EFBC}") = "ViewHound.Mvc5.Example", "ViewHound.Mvc5.Example\ViewHound.Mvc5.Example.csproj", "{878C189E-7CB5-4FED-B919-F3D9245537E4}"
EndProject
Project("{9A19103F-16F7-4668-BE54-9A1E7A4F7556}") = "ViewHound.MvcCore.Example", "ViewHound.MvcCore.Example\ViewHound.MvcCore.Example.csproj", "{0C7BF0D0-EC67-4DCC-86C3-450513F56D75}"
EndProject
Project("{FAE04EC0-301F-11D3-BF4B-00C04F79EFBC}") = "ViewHound.Mvc5.UI", "ViewHound.Mvc5.UI\ViewHound.Mvc5.UI.csproj", "{58DF273D-C02B-4A2F-9A9F-D0A966583DEF}"
EndProject
Project("{2150E333-8FDC-42A3-9474-1A3956D46DE8}") = "src", "src", "{B054FCDE-D22F-49D5-96A9-4FD86601C624}"
EndProject
Project("{2150E333-8FDC-42A3-9474-1A3956D46DE8}") = "Examples", "Examples", "{F59B5B6F-CF5B-4213-B79F-9468F443219A}"
EndProject
Global
	GlobalSection(SolutionConfigurationPlatforms) = preSolution
		Debug|Any CPU = Debug|Any CPU
		Release|Any CPU = Release|Any CPU
	EndGlobalSection
	GlobalSection(ProjectConfigurationPlatforms) = postSolution
		{0936C4A7-F9FE-4261-BC7C-DC21663509B0}.Debug|Any CPU.ActiveCfg = Debug|Any CPU
		{0936C4A7-F9FE-4261-BC7C-DC21663509B0}.Debug|Any CPU.Build.0 = Debug|Any CPU
		{0936C4A7-F9FE-4261-BC7C-DC21663509B0}.Release|Any CPU.ActiveCfg = Release|Any CPU
		{0936C4A7-F9FE-4261-BC7C-DC21663509B0}.Release|Any CPU.Build.0 = Release|Any CPU
		{03BBAC27-1028-4DF6-BDDC-E64049B025B2}.Debug|Any CPU.ActiveCfg = Debug|Any CPU
		{03BBAC27-1028-4DF6-BDDC-E64049B025B2}.Debug|Any CPU.Build.0 = Debug|Any CPU
		{03BBAC27-1028-4DF6-BDDC-E64049B025B2}.Release|Any CPU.ActiveCfg = Release|Any CPU
		{03BBAC27-1028-4DF6-BDDC-E64049B025B2}.Release|Any CPU.Build.0 = Release|Any CPU
		{878C189E-7CB5-4FED-B919-F3D9245537E4}.Debug|Any CPU.ActiveCfg = Debug|Any CPU
		{878C189E-7CB5-4FED-B919-F3D9245537E4}.Debug|Any CPU.Build.0 = Debug|Any CPU
		{878C189E-7CB5-4FED-B919-F3D9245537E4}.Release|Any CPU.ActiveCfg = Release|Any CPU
		{878C189E-7CB5-4FED-B919-F3D9245537E4}.Release|Any CPU.Build.0 = Release|Any CPU
		{0C7BF0D0-EC67-4DCC-86C3-450513F56D75}.Debug|Any CPU.ActiveCfg = Debug|Any CPU
		{0C7BF0D0-EC67-4DCC-86C3-450513F56D75}.Debug|Any CPU.Build.0 = Debug|Any CPU
		{0C7BF0D0-EC67-4DCC-86C3-450513F56D75}.Release|Any CPU.ActiveCfg = Release|Any CPU
		{0C7BF0D0-EC67-4DCC-86C3-450513F56D75}.Release|Any CPU.Build.0 = Release|Any CPU
		{58DF273D-C02B-4A2F-9A9F-D0A966583DEF}.Debug|Any CPU.ActiveCfg = Debug|Any CPU
		{58DF273D-C02B-4A2F-9A9F-D0A966583DEF}.Debug|Any CPU.Build.0 = Debug|Any CPU
		{58DF273D-C02B-4A2F-9A9F-D0A966583DEF}.Release|Any CPU.ActiveCfg = Release|Any CPU
		{58DF273D-C02B-4A2F-9A9F-D0A966583DEF}.Release|Any CPU.Build.0 = Release|Any CPU
	EndGlobalSection
	GlobalSection(SolutionProperties) = preSolution
		HideSolutionNode = FALSE
	EndGlobalSection
	GlobalSection(NestedProjects) = preSolution
		{0936C4A7-F9FE-4261-BC7C-DC21663509B0} = {B054FCDE-D22F-49D5-96A9-4FD86601C624}
		{03BBAC27-1028-4DF6-BDDC-E64049B025B2} = {B054FCDE-D22F-49D5-96A9-4FD86601C624}
		{878C189E-7CB5-4FED-B919-F3D9245537E4} = {F59B5B6F-CF5B-4213-B79F-9468F443219A}
		{0C7BF0D0-EC67-4DCC-86C3-450513F56D75} = {F59B5B6F-CF5B-4213-B79F-9468F443219A}
		{58DF273D-C02B-4A2F-9A9F-D0A966583DEF} = {B054FCDE-D22F-49D5-96A9-4FD86601C624}
	EndGlobalSection
	GlobalSection(ExtensibilityGlobals) = postSolution
		SolutionGuid = {2EB4433E-961B-42AC-A0B1-FE3A042E6705}
	EndGlobalSection
EndGlobal
